
Microsoft Visual Studio Solution File, Format Version 12.00
# Visual Studio 14
VisualStudioVersion = 14.0.24720.0
MinimumVisualStudioVersion = 10.0.40219.1
Project("{FAE04EC0-301F-11D3-BF4B-00C04F79EFBC}") = "KTS.Web.Api", "KTS.Web.Api\KTS.Web.Api.csproj", "{086F6B60-343B-437E-B084-CAFCC5F791A4}"
EndProject
Project("{FAE04EC0-301F-11D3-BF4B-00C04F79EFBC}") = "KTS.Web", "KTS.Web\KTS.Web.csproj", "{30DE8510-A267-4269-BCD8-BC860BF58D1E}"
EndProject
Project("{FAE04EC0-301F-11D3-BF4B-00C04F79EFBC}") = "KTS.Web.Data", "KTS.Web.Data\KTS.Web.Data.csproj", "{9339EEAE-7B1D-456B-AF17-418E4ECDED5F}"
EndProject
Project("{FAE04EC0-301F-11D3-BF4B-00C04F79EFBC}") = "KTS.Web.Search", "KTS.Web.Search\KTS.Web.Search.csproj", "{8213AFFE-C617-4FBA-BAA0-91C456266F67}"
EndProject
Project("{FAE04EC0-301F-11D3-BF4B-00C04F79EFBC}") = "KTS.Web.AdminApp", "KTS.Web.AdminApp\KTS.Web.AdminApp.csproj", "{B7302C9A-BE68-421C-BF8A-852906FA3472}"
EndProject
Project("{FAE04EC0-301F-11D3-BF4B-00C04F79EFBC}") = "KTS.Web.Auth", "KTS.Web.Auth\KTS.Web.Auth.csproj", "{1E131B73-BBC6-4D1B-B813-4BE042119EE5}"
EndProject
Project("{FAE04EC0-301F-11D3-BF4B-00C04F79EFBC}") = "KTS.Web.Api.Client", "KTS.Web.Api.Client\KTS.Web.Api.Client.csproj", "{8DEE3C30-4F30-478F-81DF-9C2A29AF9956}"
EndProject
Global
	GlobalSection(SolutionConfigurationPlatforms) = preSolution
		Debug|Any CPU = Debug|Any CPU
		Release|Any CPU = Release|Any CPU
	EndGlobalSection
	GlobalSection(ProjectConfigurationPlatforms) = postSolution
		{086F6B60-343B-437E-B084-CAFCC5F791A4}.Debug|Any CPU.ActiveCfg = Debug|Any CPU
		{086F6B60-343B-437E-B084-CAFCC5F791A4}.Debug|Any CPU.Build.0 = Debug|Any CPU
		{086F6B60-343B-437E-B084-CAFCC5F791A4}.Release|Any CPU.ActiveCfg = Release|Any CPU
		{086F6B60-343B-437E-B084-CAFCC5F791A4}.Release|Any CPU.Build.0 = Release|Any CPU
		{30DE8510-A267-4269-BCD8-BC860BF58D1E}.Debug|Any CPU.ActiveCfg = Debug|Any CPU
		{30DE8510-A267-4269-BCD8-BC860BF58D1E}.Debug|Any CPU.Build.0 = Debug|Any CPU
		{30DE8510-A267-4269-BCD8-BC860BF58D1E}.Release|Any CPU.ActiveCfg = Release|Any CPU
		{30DE8510-A267-4269-BCD8-BC860BF58D1E}.Release|Any CPU.Build.0 = Release|Any CPU
		{9339EEAE-7B1D-456B-AF17-418E4ECDED5F}.Debug|Any CPU.ActiveCfg = Debug|Any CPU
		{9339EEAE-7B1D-456B-AF17-418E4ECDED5F}.Debug|Any CPU.Build.0 = Debug|Any CPU
		{9339EEAE-7B1D-456B-AF17-418E4ECDED5F}.Release|Any CPU.ActiveCfg = Release|Any CPU
		{9339EEAE-7B1D-456B-AF17-418E4ECDED5F}.Release|Any CPU.Build.0 = Release|Any CPU
		{8213AFFE-C617-4FBA-BAA0-91C456266F67}.Debug|Any CPU.ActiveCfg = Debug|Any CPU
		{8213AFFE-C617-4FBA-BAA0-91C456266F67}.Debug|Any CPU.Build.0 = Debug|Any CPU
		{8213AFFE-C617-4FBA-BAA0-91C456266F67}.Release|Any CPU.ActiveCfg = Release|Any CPU
		{8213AFFE-C617-4FBA-BAA0-91C456266F67}.Release|Any CPU.Build.0 = Release|Any CPU
		{B7302C9A-BE68-421C-BF8A-852906FA3472}.Debug|Any CPU.ActiveCfg = Debug|Any CPU
		{B7302C9A-BE68-421C-BF8A-852906FA3472}.Debug|Any CPU.Build.0 = Debug|Any CPU
		{B7302C9A-BE68-421C-BF8A-852906FA3472}.Release|Any CPU.ActiveCfg = Release|Any CPU
		{B7302C9A-BE68-421C-BF8A-852906FA3472}.Release|Any CPU.Build.0 = Release|Any CPU
		{1E131B73-BBC6-4D1B-B813-4BE042119EE5}.Debug|Any CPU.ActiveCfg = Debug|Any CPU
		{1E131B73-BBC6-4D1B-B813-4BE042119EE5}.Debug|Any CPU.Build.0 = Debug|Any CPU
		{1E131B73-BBC6-4D1B-B813-4BE042119EE5}.Release|Any CPU.ActiveCfg = Release|Any CPU
		{1E131B73-BBC6-4D1B-B813-4BE042119EE5}.Release|Any CPU.Build.0 = Release|Any CPU
		{8DEE3C30-4F30-478F-81DF-9C2A29AF9956}.Debug|Any CPU.ActiveCfg = Debug|Any CPU
		{8DEE3C30-4F30-478F-81DF-9C2A29AF9956}.Debug|Any CPU.Build.0 = Debug|Any CPU
		{8DEE3C30-4F30-478F-81DF-9C2A29AF9956}.Release|Any CPU.ActiveCfg = Release|Any CPU
		{8DEE3C30-4F30-478F-81DF-9C2A29AF9956}.Release|Any CPU.Build.0 = Release|Any CPU
	EndGlobalSection
	GlobalSection(SolutionProperties) = preSolution
		HideSolutionNode = FALSE
	EndGlobalSection
EndGlobal
